
Microsoft Visual Studio Solution File, Format Version 12.00
# Visual Studio Version 17
VisualStudioVersion = 17.1.32210.238
MinimumVisualStudioVersion = 10.0.40219.1
Project("{FAE04EC0-301F-11D3-BF4B-00C04F79EFBC}") = "Dictionary", "Dictionary.csproj", "{A8233A2C-10F3-406A-8966-DE94CF1B1B8B}"
EndProject
Project("{FAE04EC0-301F-11D3-BF4B-00C04F79EFBC}") = "DictionaryBinaryTree", "..\DictionaryBinaryTree\DictionaryBinaryTree.csproj", "{4C17B08D-CABE-4405-89FB-037A166F7651}"
EndProject
Project("{FAE04EC0-301F-11D3-BF4B-00C04F79EFBC}") = "DictionaryBTree", "..\DictionaryBTree\DictionaryBTree.csproj", "{CAA89D40-1416-47B3-BE91-08A6F3D17326}"
EndProject
Project("{FAE04EC0-301F-11D3-BF4B-00C04F79EFBC}") = "Benchmark", "..\Benchmark\Benchmark.csproj", "{F2EDED96-B7B1-4B24-840B-7CB66129AD48}"
EndProject
Global
	GlobalSection(SolutionConfigurationPlatforms) = preSolution
		Debug|Any CPU = Debug|Any CPU
		Release|Any CPU = Release|Any CPU
	EndGlobalSection
	GlobalSection(ProjectConfigurationPlatforms) = postSolution
		{A8233A2C-10F3-406A-8966-DE94CF1B1B8B}.Debug|Any CPU.ActiveCfg = Debug|Any CPU
		{A8233A2C-10F3-406A-8966-DE94CF1B1B8B}.Debug|Any CPU.Build.0 = Debug|Any CPU
		{A8233A2C-10F3-406A-8966-DE94CF1B1B8B}.Release|Any CPU.ActiveCfg = Release|Any CPU
		{A8233A2C-10F3-406A-8966-DE94CF1B1B8B}.Release|Any CPU.Build.0 = Release|Any CPU
		{4C17B08D-CABE-4405-89FB-037A166F7651}.Debug|Any CPU.ActiveCfg = Debug|Any CPU
		{4C17B08D-CABE-4405-89FB-037A166F7651}.Debug|Any CPU.Build.0 = Debug|Any CPU
		{4C17B08D-CABE-4405-89FB-037A166F7651}.Release|Any CPU.ActiveCfg = Release|Any CPU
		{4C17B08D-CABE-4405-89FB-037A166F7651}.Release|Any CPU.Build.0 = Release|Any CPU
		{CAA89D40-1416-47B3-BE91-08A6F3D17326}.Debug|Any CPU.ActiveCfg = Debug|Any CPU
		{CAA89D40-1416-47B3-BE91-08A6F3D17326}.Debug|Any CPU.Build.0 = Debug|Any CPU
		{CAA89D40-1416-47B3-BE91-08A6F3D17326}.Release|Any CPU.ActiveCfg = Release|Any CPU
		{CAA89D40-1416-47B3-BE91-08A6F3D17326}.Release|Any CPU.Build.0 = Release|Any CPU
		{F2EDED96-B7B1-4B24-840B-7CB66129AD48}.Debug|Any CPU.ActiveCfg = Debug|Any CPU
		{F2EDED96-B7B1-4B24-840B-7CB66129AD48}.Debug|Any CPU.Build.0 = Debug|Any CPU
		{F2EDED96-B7B1-4B24-840B-7CB66129AD48}.Release|Any CPU.ActiveCfg = Release|Any CPU
		{F2EDED96-B7B1-4B24-840B-7CB66129AD48}.Release|Any CPU.Build.0 = Release|Any CPU
	EndGlobalSection
	GlobalSection(SolutionProperties) = preSolution
		HideSolutionNode = FALSE
	EndGlobalSection
	GlobalSection(ExtensibilityGlobals) = postSolution
		SolutionGuid = {F9E8A47C-C1E5-4202-A426-F26309E739A4}
	EndGlobalSection
EndGlobal
